// !$*UTF8*$!
{
	archiveVersion = 1;
	classes = {
	};
	objectVersion = 50;
	objects = {

/* Begin PBXBuildFile section */
		2A06D8A82293B57B00C380C6 /* TableViewController.swift in Sources */ = {isa = PBXBuildFile; fileRef = 2A06D8A72293B57B00C380C6 /* TableViewController.swift */; };
		2A06D8AA2293B63A00C380C6 /* GoogleService-Info.plist in Resources */ = {isa = PBXBuildFile; fileRef = 2A06D8A92293B63A00C380C6 /* GoogleService-Info.plist */; };
		2A4AA030228DC04000EB4688 /* AppDelegate.swift in Sources */ = {isa = PBXBuildFile; fileRef = 2A4AA02F228DC04000EB4688 /* AppDelegate.swift */; };
		2A4AA032228DC04000EB4688 /* art.scnassets in Resources */ = {isa = PBXBuildFile; fileRef = 2A4AA031228DC04000EB4688 /* art.scnassets */; };
		2A4AA034228DC04000EB4688 /* ViewController.swift in Sources */ = {isa = PBXBuildFile; fileRef = 2A4AA033228DC04000EB4688 /* ViewController.swift */; };
		2A4AA037228DC04000EB4688 /* Main.storyboard in Resources */ = {isa = PBXBuildFile; fileRef = 2A4AA035228DC04000EB4688 /* Main.storyboard */; };
		2A4AA039228DC04100EB4688 /* Assets.xcassets in Resources */ = {isa = PBXBuildFile; fileRef = 2A4AA038228DC04100EB4688 /* Assets.xcassets */; };
		2A4AA03C228DC04100EB4688 /* LaunchScreen.storyboard in Resources */ = {isa = PBXBuildFile; fileRef = 2A4AA03A228DC04100EB4688 /* LaunchScreen.storyboard */; };
		2A4AA04A228E177100EB4688 /* background.wav in Resources */ = {isa = PBXBuildFile; fileRef = 2A4AA048228E177100EB4688 /* background.wav */; };
		2AD42208228E1C6000766ECE /* spark.png in Resources */ = {isa = PBXBuildFile; fileRef = 2AD42206228E1C6000766ECE /* spark.png */; };
		2AD42209228E1C6000766ECE /* Explosion.scnp in Resources */ = {isa = PBXBuildFile; fileRef = 2AD42207228E1C6000766ECE /* Explosion.scnp */; };
		2AD4220B228E1D3F00766ECE /* pink.png in Resources */ = {isa = PBXBuildFile; fileRef = 2AD4220A228E1D3F00766ECE /* pink.png */; };
		2AD4220D228E1E7C00766ECE /* blast.wav in Resources */ = {isa = PBXBuildFile; fileRef = 2AD4220C228E1E7C00766ECE /* blast.wav */; };
		2AD4220F228E234300766ECE /* Data.swift in Sources */ = {isa = PBXBuildFile; fileRef = 2AD4220E228E234300766ECE /* Data.swift */; };
		2AD42211228E273600766ECE /* StartViewController.swift in Sources */ = {isa = PBXBuildFile; fileRef = 2AD42210228E273600766ECE /* StartViewController.swift */; };
		F9AD7B970918B8E8864365C1 /* Pods_ColorCrazy.framework in Frameworks */ = {isa = PBXBuildFile; fileRef = 26EBE80E048AD9B8FEFB2542 /* Pods_ColorCrazy.framework */; };
/* End PBXBuildFile section */

/* Begin PBXFileReference section */
		26EBE80E048AD9B8FEFB2542 /* Pods_ColorCrazy.framework */ = {isa = PBXFileReference; explicitFileType = wrapper.framework; includeInIndex = 0; path = Pods_ColorCrazy.framework; sourceTree = BUILT_PRODUCTS_DIR; };
		2A06D8A72293B57B00C380C6 /* TableViewController.swift */ = {isa = PBXFileReference; lastKnownFileType = sourcecode.swift; path = TableViewController.swift; sourceTree = "<group>"; };
		2A06D8A92293B63A00C380C6 /* GoogleService-Info.plist */ = {isa = PBXFileReference; fileEncoding = 4; lastKnownFileType = text.plist.xml; path = "GoogleService-Info.plist"; sourceTree = "<group>"; };
		2A4AA02C228DC04000EB4688 /* ColorCrazy.app */ = {isa = PBXFileReference; explicitFileType = wrapper.application; includeInIndex = 0; path = ColorCrazy.app; sourceTree = BUILT_PRODUCTS_DIR; };
		2A4AA02F228DC04000EB4688 /* AppDelegate.swift */ = {isa = PBXFileReference; lastKnownFileType = sourcecode.swift; path = AppDelegate.swift; sourceTree = "<group>"; };
		2A4AA031228DC04000EB4688 /* art.scnassets */ = {isa = PBXFileReference; lastKnownFileType = wrapper.scnassets; path = art.scnassets; sourceTree = "<group>"; };
		2A4AA033228DC04000EB4688 /* ViewController.swift */ = {isa = PBXFileReference; lastKnownFileType = sourcecode.swift; path = ViewController.swift; sourceTree = "<group>"; };
		2A4AA036228DC04000EB4688 /* Base */ = {isa = PBXFileReference; lastKnownFileType = file.storyboard; name = Base; path = Base.lproj/Main.storyboard; sourceTree = "<group>"; };
		2A4AA038228DC04100EB4688 /* Assets.xcassets */ = {isa = PBXFileReference; lastKnownFileType = folder.assetcatalog; path = Assets.xcassets; sourceTree = "<group>"; };
		2A4AA03B228DC04100EB4688 /* Base */ = {isa = PBXFileReference; lastKnownFileType = file.storyboard; name = Base; path = Base.lproj/LaunchScreen.storyboard; sourceTree = "<group>"; };
		2A4AA03D228DC04100EB4688 /* Info.plist */ = {isa = PBXFileReference; lastKnownFileType = text.plist.xml; path = Info.plist; sourceTree = "<group>"; };
		2A4AA048228E177100EB4688 /* background.wav */ = {isa = PBXFileReference; lastKnownFileType = audio.wav; path = background.wav; sourceTree = "<group>"; };
		2AD42206228E1C6000766ECE /* spark.png */ = {isa = PBXFileReference; lastKnownFileType = image.png; path = spark.png; sourceTree = "<group>"; };
		2AD42207228E1C6000766ECE /* Explosion.scnp */ = {isa = PBXFileReference; lastKnownFileType = file.scp; path = Explosion.scnp; sourceTree = "<group>"; };
		2AD4220A228E1D3F00766ECE /* pink.png */ = {isa = PBXFileReference; lastKnownFileType = image.png; path = pink.png; sourceTree = "<group>"; };
		2AD4220C228E1E7C00766ECE /* blast.wav */ = {isa = PBXFileReference; lastKnownFileType = audio.wav; path = blast.wav; sourceTree = "<group>"; };
		2AD4220E228E234300766ECE /* Data.swift */ = {isa = PBXFileReference; lastKnownFileType = sourcecode.swift; path = Data.swift; sourceTree = "<group>"; };
		2AD42210228E273600766ECE /* StartViewController.swift */ = {isa = PBXFileReference; lastKnownFileType = sourcecode.swift; path = StartViewController.swift; sourceTree = "<group>"; };
		569876282C8E9B38FF4937F9 /* Pods-ColorCrazy.release.xcconfig */ = {isa = PBXFileReference; includeInIndex = 1; lastKnownFileType = text.xcconfig; name = "Pods-ColorCrazy.release.xcconfig"; path = "Pods/Target Support Files/Pods-ColorCrazy/Pods-ColorCrazy.release.xcconfig"; sourceTree = "<group>"; };
		FC3EADFA3911665D69B0B7FE /* Pods-ColorCrazy.debug.xcconfig */ = {isa = PBXFileReference; includeInIndex = 1; lastKnownFileType = text.xcconfig; name = "Pods-ColorCrazy.debug.xcconfig"; path = "Pods/Target Support Files/Pods-ColorCrazy/Pods-ColorCrazy.debug.xcconfig"; sourceTree = "<group>"; };
/* End PBXFileReference section */

/* Begin PBXFrameworksBuildPhase section */
		2A4AA029228DC04000EB4688 /* Frameworks */ = {
			isa = PBXFrameworksBuildPhase;
			buildActionMask = 2147483647;
			files = (
				F9AD7B970918B8E8864365C1 /* Pods_ColorCrazy.framework in Frameworks */,
			);
			runOnlyForDeploymentPostprocessing = 0;
		};
/* End PBXFrameworksBuildPhase section */

/* Begin PBXGroup section */
		16E5039A75B8B2F4E5E3921A /* Pods */ = {
			isa = PBXGroup;
			children = (
				FC3EADFA3911665D69B0B7FE /* Pods-ColorCrazy.debug.xcconfig */,
				569876282C8E9B38FF4937F9 /* Pods-ColorCrazy.release.xcconfig */,
			);
			name = Pods;
			sourceTree = "<group>";
		};
		2A4AA023228DC04000EB4688 = {
			isa = PBXGroup;
			children = (
				2A4AA02E228DC04000EB4688 /* ColorCrazy */,
				2A4AA02D228DC04000EB4688 /* Products */,
				16E5039A75B8B2F4E5E3921A /* Pods */,
				BC40C20BB75555CCD479B01B /* Frameworks */,
			);
			sourceTree = "<group>";
		};
		2A4AA02D228DC04000EB4688 /* Products */ = {
			isa = PBXGroup;
			children = (
				2A4AA02C228DC04000EB4688 /* ColorCrazy.app */,
			);
			name = Products;
			sourceTree = "<group>";
		};
		2A4AA02E228DC04000EB4688 /* ColorCrazy */ = {
			isa = PBXGroup;
			children = (
				2A4AA046228DC0A200EB4688 /* Model */,
				2A4AA044228DC05700EB4688 /* View */,
				2A4AA045228DC06000EB4688 /* Controller */,
				2A4AA053228E1B2900EB4688 /* Particles */,
				2A4AA047228E175400EB4688 /* Audio */,
				2A4AA038228DC04100EB4688 /* Assets.xcassets */,
				2A4AA031228DC04000EB4688 /* art.scnassets */,
				2A06D8A92293B63A00C380C6 /* GoogleService-Info.plist */,
				2A4AA03D228DC04100EB4688 /* Info.plist */,
			);
			path = ColorCrazy;
			sourceTree = "<group>";
		};
		2A4AA044228DC05700EB4688 /* View */ = {
			isa = PBXGroup;
			children = (
				2A4AA035228DC04000EB4688 /* Main.storyboard */,
				2A4AA03A228DC04100EB4688 /* LaunchScreen.storyboard */,
			);
			path = View;
			sourceTree = "<group>";
		};
		2A4AA045228DC06000EB4688 /* Controller */ = {
			isa = PBXGroup;
			children = (
				2A4AA033228DC04000EB4688 /* ViewController.swift */,
				2AD42210228E273600766ECE /* StartViewController.swift */,
				2A06D8A72293B57B00C380C6 /* TableViewController.swift */,
				2A4AA02F228DC04000EB4688 /* AppDelegate.swift */,
			);
			path = Controller;
			sourceTree = "<group>";
		};
		2A4AA046228DC0A200EB4688 /* Model */ = {
			isa = PBXGroup;
			children = (
				2AD4220E228E234300766ECE /* Data.swift */,
			);
			path = Model;
			sourceTree = "<group>";
		};
		2A4AA047228E175400EB4688 /* Audio */ = {
			isa = PBXGroup;
			children = (
				2AD4220C228E1E7C00766ECE /* blast.wav */,
				2A4AA048228E177100EB4688 /* background.wav */,
			);
			path = Audio;
			sourceTree = "<group>";
		};
		2A4AA053228E1B2900EB4688 /* Particles */ = {
			isa = PBXGroup;
			children = (
				2AD42207228E1C6000766ECE /* Explosion.scnp */,
				2AD4220A228E1D3F00766ECE /* pink.png */,
				2AD42206228E1C6000766ECE /* spark.png */,
			);
			path = Particles;
			sourceTree = "<group>";
		};
		BC40C20BB75555CCD479B01B /* Frameworks */ = {
			isa = PBXGroup;
			children = (
				26EBE80E048AD9B8FEFB2542 /* Pods_ColorCrazy.framework */,
			);
			name = Frameworks;
			sourceTree = "<group>";
		};
/* End PBXGroup section */

/* Begin PBXNativeTarget section */
		2A4AA02B228DC04000EB4688 /* ColorCrazy */ = {
			isa = PBXNativeTarget;
			buildConfigurationList = 2A4AA040228DC04100EB4688 /* Build configuration list for PBXNativeTarget "ColorCrazy" */;
			buildPhases = (
				CEF7E1F931902C8303DF6390 /* [CP] Check Pods Manifest.lock */,
				2A4AA028228DC04000EB4688 /* Sources */,
				2A4AA029228DC04000EB4688 /* Frameworks */,
				2A4AA02A228DC04000EB4688 /* Resources */,
				8DCB0892997B4B71DF729E04 /* [CP] Embed Pods Frameworks */,
			);
			buildRules = (
			);
			dependencies = (
			);
			name = ColorCrazy;
			productName = ColorCrazy;
			productReference = 2A4AA02C228DC04000EB4688 /* ColorCrazy.app */;
			productType = "com.apple.product-type.application";
		};
/* End PBXNativeTarget section */

/* Begin PBXProject section */
		2A4AA024228DC04000EB4688 /* Project object */ = {
			isa = PBXProject;
			attributes = {
				LastSwiftUpdateCheck = 1020;
				LastUpgradeCheck = 1020;
				ORGANIZATIONNAME = "Cameron Partee";
				TargetAttributes = {
					2A4AA02B228DC04000EB4688 = {
						CreatedOnToolsVersion = 10.2.1;
					};
				};
			};
			buildConfigurationList = 2A4AA027228DC04000EB4688 /* Build configuration list for PBXProject "ColorCrazy" */;
			compatibilityVersion = "Xcode 9.3";
			developmentRegion = en;
			hasScannedForEncodings = 0;
			knownRegions = (
				en,
				Base,
			);
			mainGroup = 2A4AA023228DC04000EB4688;
			productRefGroup = 2A4AA02D228DC04000EB4688 /* Products */;
			projectDirPath = "";
			projectRoot = "";
			targets = (
				2A4AA02B228DC04000EB4688 /* ColorCrazy */,
			);
		};
/* End PBXProject section */

/* Begin PBXResourcesBuildPhase section */
		2A4AA02A228DC04000EB4688 /* Resources */ = {
			isa = PBXResourcesBuildPhase;
			buildActionMask = 2147483647;
			files = (
				2AD42209228E1C6000766ECE /* Explosion.scnp in Resources */,
				2AD4220B228E1D3F00766ECE /* pink.png in Resources */,
				2AD4220D228E1E7C00766ECE /* blast.wav in Resources */,
				2A4AA032228DC04000EB4688 /* art.scnassets in Resources */,
				2A4AA04A228E177100EB4688 /* background.wav in Resources */,
				2AD42208228E1C6000766ECE /* spark.png in Resources */,
				2A4AA03C228DC04100EB4688 /* LaunchScreen.storyboard in Resources */,
				2A06D8AA2293B63A00C380C6 /* GoogleService-Info.plist in Resources */,
				2A4AA039228DC04100EB4688 /* Assets.xcassets in Resources */,
				2A4AA037228DC04000EB4688 /* Main.storyboard in Resources */,
			);
			runOnlyForDeploymentPostprocessing = 0;
		};
/* End PBXResourcesBuildPhase section */

/* Begin PBXShellScriptBuildPhase section */
		8DCB0892997B4B71DF729E04 /* [CP] Embed Pods Frameworks */ = {
			isa = PBXShellScriptBuildPhase;
			buildActionMask = 2147483647;
			files = (
			);
			inputFileListPaths = (
			);
			inputPaths = (
				"${SRCROOT}/Pods/Target Support Files/Pods-ColorCrazy/Pods-ColorCrazy-frameworks.sh",
				"${BUILT_PRODUCTS_DIR}/GoogleUtilities/GoogleUtilities.framework",
				"${BUILT_PRODUCTS_DIR}/leveldb-library/leveldb.framework",
				"${BUILT_PRODUCTS_DIR}/nanopb/nanopb.framework",
			);
			name = "[CP] Embed Pods Frameworks";
			outputFileListPaths = (
			);
			outputPaths = (
				"${TARGET_BUILD_DIR}/${FRAMEWORKS_FOLDER_PATH}/GoogleUtilities.framework",
				"${TARGET_BUILD_DIR}/${FRAMEWORKS_FOLDER_PATH}/leveldb.framework",
				"${TARGET_BUILD_DIR}/${FRAMEWORKS_FOLDER_PATH}/nanopb.framework",
			);
			runOnlyForDeploymentPostprocessing = 0;
			shellPath = /bin/sh;
			shellScript = "\"${SRCROOT}/Pods/Target Support Files/Pods-ColorCrazy/Pods-ColorCrazy-frameworks.sh\"\n";
			showEnvVarsInLog = 0;
		};
		CEF7E1F931902C8303DF6390 /* [CP] Check Pods Manifest.lock */ = {
			isa = PBXShellScriptBuildPhase;
			buildActionMask = 2147483647;
			files = (
			);
			inputFileListPaths = (
			);
			inputPaths = (
				"${PODS_PODFILE_DIR_PATH}/Podfile.lock",
				"${PODS_ROOT}/Manifest.lock",
			);
			name = "[CP] Check Pods Manifest.lock";
			outputFileListPaths = (
			);
			outputPaths = (
				"$(DERIVED_FILE_DIR)/Pods-ColorCrazy-checkManifestLockResult.txt",
			);
			runOnlyForDeploymentPostprocessing = 0;
			shellPath = /bin/sh;
			shellScript = "diff \"${PODS_PODFILE_DIR_PATH}/Podfile.lock\" \"${PODS_ROOT}/Manifest.lock\" > /dev/null\nif [ $? != 0 ] ; then\n    # print error to STDERR\n    echo \"error: The sandbox is not in sync with the Podfile.lock. Run 'pod install' or update your CocoaPods installation.\" >&2\n    exit 1\nfi\n# This output is used by Xcode 'outputs' to avoid re-running this script phase.\necho \"SUCCESS\" > \"${SCRIPT_OUTPUT_FILE_0}\"\n";
			showEnvVarsInLog = 0;
		};
/* End PBXShellScriptBuildPhase section */

/* Begin PBXSourcesBuildPhase section */
		2A4AA028228DC04000EB4688 /* Sources */ = {
			isa = PBXSourcesBuildPhase;
			buildActionMask = 2147483647;
			files = (
				2A4AA034228DC04000EB4688 /* ViewController.swift in Sources */,
				2AD42211228E273600766ECE /* StartViewController.swift in Sources */,
				2AD4220F228E234300766ECE /* Data.swift in Sources */,
				2A06D8A82293B57B00C380C6 /* TableViewController.swift in Sources */,
				2A4AA030228DC04000EB4688 /* AppDelegate.swift in Sources */,
			);
			runOnlyForDeploymentPostprocessing = 0;
		};
/* End PBXSourcesBuildPhase section */

/* Begin PBXVariantGroup section */
		2A4AA035228DC04000EB4688 /* Main.storyboard */ = {
			isa = PBXVariantGroup;
			children = (
				2A4AA036228DC04000EB4688 /* Base */,
			);
			name = Main.storyboard;
			sourceTree = "<group>";
		};
		2A4AA03A228DC04100EB4688 /* LaunchScreen.storyboard */ = {
			isa = PBXVariantGroup;
			children = (
				2A4AA03B228DC04100EB4688 /* Base */,
			);
			name = LaunchScreen.storyboard;
			sourceTree = "<group>";
		};
/* End PBXVariantGroup section */

/* Begin XCBuildConfiguration section */
		2A4AA03E228DC04100EB4688 /* Debug */ = {
			isa = XCBuildConfiguration;
			buildSettings = {
				ALWAYS_SEARCH_USER_PATHS = NO;
				CLANG_ANALYZER_NONNULL = YES;
				CLANG_ANALYZER_NUMBER_OBJECT_CONVERSION = YES_AGGRESSIVE;
				CLANG_CXX_LANGUAGE_STANDARD = "gnu++14";
				CLANG_CXX_LIBRARY = "libc++";
				CLANG_ENABLE_MODULES = YES;
				CLANG_ENABLE_OBJC_ARC = YES;
				CLANG_ENABLE_OBJC_WEAK = YES;
				CLANG_WARN_BLOCK_CAPTURE_AUTORELEASING = YES;
				CLANG_WARN_BOOL_CONVERSION = YES;
				CLANG_WARN_COMMA = YES;
				CLANG_WARN_CONSTANT_CONVERSION = YES;
				CLANG_WARN_DEPRECATED_OBJC_IMPLEMENTATIONS = YES;
				CLANG_WARN_DIRECT_OBJC_ISA_USAGE = YES_ERROR;
				CLANG_WARN_DOCUMENTATION_COMMENTS = YES;
				CLANG_WARN_EMPTY_BODY = YES;
				CLANG_WARN_ENUM_CONVERSION = YES;
				CLANG_WARN_INFINITE_RECURSION = YES;
				CLANG_WARN_INT_CONVERSION = YES;
				CLANG_WARN_NON_LITERAL_NULL_CONVERSION = YES;
				CLANG_WARN_OBJC_IMPLICIT_RETAIN_SELF = YES;
				CLANG_WARN_OBJC_LITERAL_CONVERSION = YES;
				CLANG_WARN_OBJC_ROOT_CLASS = YES_ERROR;
				CLANG_WARN_RANGE_LOOP_ANALYSIS = YES;
				CLANG_WARN_STRICT_PROTOTYPES = YES;
				CLANG_WARN_SUSPICIOUS_MOVE = YES;
				CLANG_WARN_UNGUARDED_AVAILABILITY = YES_AGGRESSIVE;
				CLANG_WARN_UNREACHABLE_CODE = YES;
				CLANG_WARN__DUPLICATE_METHOD_MATCH = YES;
				CODE_SIGN_IDENTITY = "iPhone Developer";
				COPY_PHASE_STRIP = NO;
				DEBUG_INFORMATION_FORMAT = dwarf;
				ENABLE_STRICT_OBJC_MSGSEND = YES;
				ENABLE_TESTABILITY = YES;
				GCC_C_LANGUAGE_STANDARD = gnu11;
				GCC_DYNAMIC_NO_PIC = NO;
				GCC_NO_COMMON_BLOCKS = YES;
				GCC_OPTIMIZATION_LEVEL = 0;
				GCC_PREPROCESSOR_DEFINITIONS = (
					"DEBUG=1",
					"$(inherited)",
				);
				GCC_WARN_64_TO_32_BIT_CONVERSION = YES;
				GCC_WARN_ABOUT_RETURN_TYPE = YES_ERROR;
				GCC_WARN_UNDECLARED_SELECTOR = YES;
				GCC_WARN_UNINITIALIZED_AUTOS = YES_AGGRESSIVE;
				GCC_WARN_UNUSED_FUNCTION = YES;
				GCC_WARN_UNUSED_VARIABLE = YES;
				IPHONEOS_DEPLOYMENT_TARGET = 12.2;
				MTL_ENABLE_DEBUG_INFO = INCLUDE_SOURCE;
				MTL_FAST_MATH = YES;
				ONLY_ACTIVE_ARCH = YES;
				SDKROOT = iphoneos;
				SWIFT_ACTIVE_COMPILATION_CONDITIONS = DEBUG;
				SWIFT_OPTIMIZATION_LEVEL = "-Onone";
			};
			name = Debug;
		};
		2A4AA03F228DC04100EB4688 /* Release */ = {
			isa = XCBuildConfiguration;
			buildSettings = {
				ALWAYS_SEARCH_USER_PATHS = NO;
				CLANG_ANALYZER_NONNULL = YES;
				CLANG_ANALYZER_NUMBER_OBJECT_CONVERSION = YES_AGGRESSIVE;
				CLANG_CXX_LANGUAGE_STANDARD = "gnu++14";
				CLANG_CXX_LIBRARY = "libc++";
				CLANG_ENABLE_MODULES = YES;
				CLANG_ENABLE_OBJC_ARC = YES;
				CLANG_ENABLE_OBJC_WEAK = YES;
				CLANG_WARN_BLOCK_CAPTURE_AUTORELEASING = YES;
				CLANG_WARN_BOOL_CONVERSION = YES;
				CLANG_WARN_COMMA = YES;
				CLANG_WARN_CONSTANT_CONVERSION = YES;
				CLANG_WARN_DEPRECATED_OBJC_IMPLEMENTATIONS = YES;
				CLANG_WARN_DIRECT_OBJC_ISA_USAGE = YES_ERROR;
				CLANG_WARN_DOCUMENTATION_COMMENTS = YES;
				CLANG_WARN_EMPTY_BODY = YES;
				CLANG_WARN_ENUM_CONVERSION = YES;
				CLANG_WARN_INFINITE_RECURSION = YES;
				CLANG_WARN_INT_CONVERSION = YES;
				CLANG_WARN_NON_LITERAL_NULL_CONVERSION = YES;
				CLANG_WARN_OBJC_IMPLICIT_RETAIN_SELF = YES;
				CLANG_WARN_OBJC_LITERAL_CONVERSION = YES;
				CLANG_WARN_OBJC_ROOT_CLASS = YES_ERROR;
				CLANG_WARN_RANGE_LOOP_ANALYSIS = YES;
				CLANG_WARN_STRICT_PROTOTYPES = YES;
				CLANG_WARN_SUSPICIOUS_MOVE = YES;
				CLANG_WARN_UNGUARDED_AVAILABILITY = YES_AGGRESSIVE;
				CLANG_WARN_UNREACHABLE_CODE = YES;
				CLANG_WARN__DUPLICATE_METHOD_MATCH = YES;
				CODE_SIGN_IDENTITY = "iPhone Developer";
				COPY_PHASE_STRIP = NO;
				DEBUG_INFORMATION_FORMAT = "dwarf-with-dsym";
				ENABLE_NS_ASSERTIONS = NO;
				ENABLE_STRICT_OBJC_MSGSEND = YES;
				GCC_C_LANGUAGE_STANDARD = gnu11;
				GCC_NO_COMMON_BLOCKS = YES;
				GCC_WARN_64_TO_32_BIT_CONVERSION = YES;
				GCC_WARN_ABOUT_RETURN_TYPE = YES_ERROR;
				GCC_WARN_UNDECLARED_SELECTOR = YES;
				GCC_WARN_UNINITIALIZED_AUTOS = YES_AGGRESSIVE;
				GCC_WARN_UNUSED_FUNCTION = YES;
				GCC_WARN_UNUSED_VARIABLE = YES;
				IPHONEOS_DEPLOYMENT_TARGET = 12.2;
				MTL_ENABLE_DEBUG_INFO = NO;
				MTL_FAST_MATH = YES;
				SDKROOT = iphoneos;
				SWIFT_COMPILATION_MODE = wholemodule;
				SWIFT_OPTIMIZATION_LEVEL = "-O";
				VALIDATE_PRODUCT = YES;
			};
			name = Release;
		};
		2A4AA041228DC04100EB4688 /* Debug */ = {
			isa = XCBuildConfiguration;
			baseConfigurationReference = FC3EADFA3911665D69B0B7FE /* Pods-ColorCrazy.debug.xcconfig */;
			buildSettings = {
				ASSETCATALOG_COMPILER_APPICON_NAME = AppIcon;
				CODE_SIGN_STYLE = Automatic;
				DEVELOPMENT_TEAM = PUD2RU7K8T;
				INFOPLIST_FILE = ColorCrazy/Info.plist;
				LD_RUNPATH_SEARCH_PATHS = (
					"$(inherited)",
					"@executable_path/Frameworks",
				);
				PRODUCT_BUNDLE_IDENTIFIER = com.cameonpartee.ColorCrazy;
				PRODUCT_NAME = "$(TARGET_NAME)";
				SWIFT_VERSION = 5.0;
				TARGETED_DEVICE_FAMILY = "1,2";
			};
			name = Debug;
		};
		2A4AA042228DC04100EB4688 /* Release */ = {
			isa = XCBuildConfiguration;
			baseConfigurationReference = 569876282C8E9B38FF4937F9 /* Pods-ColorCrazy.release.xcconfig */;
			buildSettings = {
				ASSETCATALOG_COMPILER_APPICON_NAME = AppIcon;
				CODE_SIGN_STYLE = Automatic;
				DEVELOPMENT_TEAM = PUD2RU7K8T;
				INFOPLIST_FILE = ColorCrazy/Info.plist;
				LD_RUNPATH_SEARCH_PATHS = (
					"$(inherited)",
					"@executable_path/Frameworks",
				);
				PRODUCT_BUNDLE_IDENTIFIER = com.cameonpartee.ColorCrazy;
				PRODUCT_NAME = "$(TARGET_NAME)";
				SWIFT_VERSION = 5.0;
				TARGETED_DEVICE_FAMILY = "1,2";
			};
			name = Release;
		};
/* End XCBuildConfiguration section */

/* Begin XCConfigurationList section */
		2A4AA027228DC04000EB4688 /* Build configuration list for PBXProject "ColorCrazy" */ = {
			isa = XCConfigurationList;
			buildConfigurations = (
				2A4AA03E228DC04100EB4688 /* Debug */,
				2A4AA03F228DC04100EB4688 /* Release */,
			);
			defaultConfigurationIsVisible = 0;
			defaultConfigurationName = Release;
		};
		2A4AA040228DC04100EB4688 /* Build configuration list for PBXNativeTarget "ColorCrazy" */ = {
			isa = XCConfigurationList;
			buildConfigurations = (
				2A4AA041228DC04100EB4688 /* Debug */,
				2A4AA042228DC04100EB4688 /* Release */,
			);
			defaultConfigurationIsVisible = 0;
			defaultConfigurationName = Release;
		};
/* End XCConfigurationList section */
	};
	rootObject = 2A4AA024228DC04000EB4688 /* Project object */;
}
